
Microsoft Visual Studio Solution File, Format Version 12.00
# Visual Studio Version 16
VisualStudioVersion = 16.0.30621.155
MinimumVisualStudioVersion = 10.0.40219.1
Project("{FAE04EC0-301F-11D3-BF4B-00C04F79EFBC}") = "SocialNetwork", "SocialNetwork\SocialNetwork.csproj", "{E1C0831D-2713-4B3A-B0A2-D6A6188CFDC3}"
EndProject
Global
	GlobalSection(SolutionConfigurationPlatforms) = preSolution
		Debug|Any CPU = Debug|Any CPU
		Release|Any CPU = Release|Any CPU
	EndGlobalSection
	GlobalSection(ProjectConfigurationPlatforms) = postSolution
		{E1C0831D-2713-4B3A-B0A2-D6A6188CFDC3}.Debug|Any CPU.ActiveCfg = Debug|Any CPU
		{E1C0831D-2713-4B3A-B0A2-D6A6188CFDC3}.Debug|Any CPU.Build.0 = Debug|Any CPU
		{E1C0831D-2713-4B3A-B0A2-D6A6188CFDC3}.Release|Any CPU.ActiveCfg = Release|Any CPU
		{E1C0831D-2713-4B3A-B0A2-D6A6188CFDC3}.Release|Any CPU.Build.0 = Release|Any CPU
	EndGlobalSection
	GlobalSection(SolutionProperties) = preSolution
		HideSolutionNode = FALSE
	EndGlobalSection
	GlobalSection(ExtensibilityGlobals) = postSolution
		SolutionGuid = {277BFB1D-1BE8-4F43-92AA-1B17033D8AA1}
	EndGlobalSection
EndGlobal
